
Microsoft Visual Studio Solution File, Format Version 12.00
# Visual Studio Version 17
VisualStudioVersion = 17.9.34607.119
MinimumVisualStudioVersion = 10.0.40219.1
Project("{FAE04EC0-301F-11D3-BF4B-00C04F79EFBC}") = "ShareEdu.Factory.PL", "ShareEdu.Factory.PL\ShareEdu.Factory.PL.csproj", "{B3541A2F-D745-4EC6-A964-A4844EBF845D}"
EndProject
Project("{FAE04EC0-301F-11D3-BF4B-00C04F79EFBC}") = "ShareEdu.Factory.DAL", "ShareEdu.Factory.DAL\ShareEdu.Factory.DAL.csproj", "{48ADAD77-B729-4650-AC3B-765AF0B10375}"
EndProject
Project("{FAE04EC0-301F-11D3-BF4B-00C04F79EFBC}") = "ShareEdu.Factory.BLL", "ShareEdu.Factory.BLL\ShareEdu.Factory.BLL.csproj", "{9CF190BC-E3D2-4B6E-9FDB-E74FE0C5335D}"
EndProject
Global
	GlobalSection(SolutionConfigurationPlatforms) = preSolution
		Debug|Any CPU = Debug|Any CPU
		Release|Any CPU = Release|Any CPU
	EndGlobalSection
	GlobalSection(ProjectConfigurationPlatforms) = postSolution
		{B3541A2F-D745-4EC6-A964-A4844EBF845D}.Debug|Any CPU.ActiveCfg = Debug|Any CPU
		{B3541A2F-D745-4EC6-A964-A4844EBF845D}.Debug|Any CPU.Build.0 = Debug|Any CPU
		{B3541A2F-D745-4EC6-A964-A4844EBF845D}.Release|Any CPU.ActiveCfg = Release|Any CPU
		{B3541A2F-D745-4EC6-A964-A4844EBF845D}.Release|Any CPU.Build.0 = Release|Any CPU
		{48ADAD77-B729-4650-AC3B-765AF0B10375}.Debug|Any CPU.ActiveCfg = Debug|Any CPU
		{48ADAD77-B729-4650-AC3B-765AF0B10375}.Debug|Any CPU.Build.0 = Debug|Any CPU
		{48ADAD77-B729-4650-AC3B-765AF0B10375}.Release|Any CPU.ActiveCfg = Release|Any CPU
		{48ADAD77-B729-4650-AC3B-765AF0B10375}.Release|Any CPU.Build.0 = Release|Any CPU
		{9CF190BC-E3D2-4B6E-9FDB-E74FE0C5335D}.Debug|Any CPU.ActiveCfg = Debug|Any CPU
		{9CF190BC-E3D2-4B6E-9FDB-E74FE0C5335D}.Debug|Any CPU.Build.0 = Debug|Any CPU
		{9CF190BC-E3D2-4B6E-9FDB-E74FE0C5335D}.Release|Any CPU.ActiveCfg = Release|Any CPU
		{9CF190BC-E3D2-4B6E-9FDB-E74FE0C5335D}.Release|Any CPU.Build.0 = Release|Any CPU
	EndGlobalSection
	GlobalSection(SolutionProperties) = preSolution
		HideSolutionNode = FALSE
	EndGlobalSection
	GlobalSection(ExtensibilityGlobals) = postSolution
		SolutionGuid = {308461F0-E91A-4B9B-B3B6-678E82615E84}
	EndGlobalSection
EndGlobal
